
Microsoft Visual Studio Solution File, Format Version 12.00
# Visual Studio Version 16
VisualStudioVersion = 16.0.29709.97
MinimumVisualStudioVersion = 10.0.40219.1
Project("{FAE04EC0-301F-11D3-BF4B-00C04F79EFBC}") = "Lab11", "Lab11\Lab11.csproj", "{ABB49A26-8F55-47FF-B60E-6E001FAE50BF}"
EndProject
Global
	GlobalSection(SolutionConfigurationPlatforms) = preSolution
		Debug|Any CPU = Debug|Any CPU
		Release|Any CPU = Release|Any CPU
	EndGlobalSection
	GlobalSection(ProjectConfigurationPlatforms) = postSolution
		{ABB49A26-8F55-47FF-B60E-6E001FAE50BF}.Debug|Any CPU.ActiveCfg = Debug|Any CPU
		{ABB49A26-8F55-47FF-B60E-6E001FAE50BF}.Debug|Any CPU.Build.0 = Debug|Any CPU
		{ABB49A26-8F55-47FF-B60E-6E001FAE50BF}.Release|Any CPU.ActiveCfg = Release|Any CPU
		{ABB49A26-8F55-47FF-B60E-6E001FAE50BF}.Release|Any CPU.Build.0 = Release|Any CPU
	EndGlobalSection
	GlobalSection(SolutionProperties) = preSolution
		HideSolutionNode = FALSE
	EndGlobalSection
	GlobalSection(ExtensibilityGlobals) = postSolution
		SolutionGuid = {39641ED3-B676-4899-BE8B-68180D63E2E7}
	EndGlobalSection
EndGlobal
